
Microsoft Visual Studio Solution File, Format Version 12.00
# Visual Studio Version 17
VisualStudioVersion = 17.9.34622.214
MinimumVisualStudioVersion = 10.0.40219.1
Project("{9A19103F-16F7-4668-BE54-9A1E7A4F7556}") = "SparkleAir.Front.API", "SparkleAir.Front.API\SparkleAir.Front.API.csproj", "{0A557F69-FEFE-4283-B5F4-369F4134AD33}"
EndProject
Project("{2150E333-8FDC-42A3-9474-1A3956D46DE8}") = "01表現層", "01表現層", "{78B237E6-2B00-4854-8219-F7E4F2EBC44E}"
EndProject
Project("{2150E333-8FDC-42A3-9474-1A3956D46DE8}") = "02商業邏輯層", "02商業邏輯層", "{981B91AC-640E-4DD9-87D6-03E1A2B27AF5}"
EndProject
Project("{2150E333-8FDC-42A3-9474-1A3956D46DE8}") = "03資料存取層", "03資料存取層", "{BF0A4164-A8A2-4C47-B9C8-07173B3FF70E}"
EndProject
Project("{2150E333-8FDC-42A3-9474-1A3956D46DE8}") = "04基礎建設層", "04基礎建設層", "{37A44EF9-3DB5-4687-9984-FF497A3AD206}"
EndProject
Project("{9A19103F-16F7-4668-BE54-9A1E7A4F7556}") = "SparkleAir.BLL.Service", "SparkleAir.BLL.Service\SparkleAir.BLL.Service.csproj", "{722B14D4-9CFB-4ED8-8E01-B5C221AFEC1C}"
EndProject
Project("{9A19103F-16F7-4668-BE54-9A1E7A4F7556}") = "SparkleAir.IDAL.IRepository", "SparkleAir.IDAL.IRepository\SparkleAir.IDAL.IRepository.csproj", "{0B26F212-6612-444B-BF4C-E0F7C60E394A}"
EndProject
Project("{9A19103F-16F7-4668-BE54-9A1E7A4F7556}") = "SparkleAir.DAL.DapperRepository", "SparkleAir.DAL.DapperRepository\SparkleAir.DAL.DapperRepository.csproj", "{FCC2F7F5-7A7A-4EF7-8DD3-03161B98FFAD}"
EndProject
Project("{9A19103F-16F7-4668-BE54-9A1E7A4F7556}") = "SparkleAir.DAL.DTORepository", "SparkleAir.DAL.DTORepository\SparkleAir.DAL.DTORepository.csproj", "{326F0F84-367A-4994-A4EA-C260339CC660}"
EndProject
Project("{9A19103F-16F7-4668-BE54-9A1E7A4F7556}") = "SparkleAir.DAL.EFRepository", "SparkleAir.DAL.EFRepository\SparkleAir.DAL.EFRepository.csproj", "{C8560B0B-E49D-4B8F-B8BD-26B73C75ECDB}"
EndProject
Project("{9A19103F-16F7-4668-BE54-9A1E7A4F7556}") = "SparkleAir.Infa.Criteria", "SparkleAir.Infa.Criteria\SparkleAir.Infa.Criteria.csproj", "{65155395-EF63-4914-903F-9E29DB383386}"
EndProject
Project("{9A19103F-16F7-4668-BE54-9A1E7A4F7556}") = "SparkleAir.Infa.Dto", "SparkleAir.Infa.Dto\SparkleAir.Infa.Dto.csproj", "{A5067062-B1C7-44F2-9CC3-6B8A691FDE19}"
EndProject
Project("{9A19103F-16F7-4668-BE54-9A1E7A4F7556}") = "SparkleAir.Infa.EFModel", "SparkleAir.Infa.EFModel\SparkleAir.Infa.EFModel.csproj", "{019EF0CF-3B64-401E-814F-ABF35DD2F27D}"
EndProject
Project("{9A19103F-16F7-4668-BE54-9A1E7A4F7556}") = "SparkleAir.Infa.Entity", "SparkleAir.Infa.Entity\SparkleAir.Infa.Entity.csproj", "{C06AB681-346F-4023-B1D3-B2C36A4189C2}"
EndProject
Project("{9A19103F-16F7-4668-BE54-9A1E7A4F7556}") = "SparkleAir.Infa.Utility", "SparkleAir.Infa.Utility\SparkleAir.Infa.Utility.csproj", "{1C48C652-0927-45EA-A756-6A4F38A1E047}"
EndProject
Global
	GlobalSection(SolutionConfigurationPlatforms) = preSolution
		Debug|Any CPU = Debug|Any CPU
		Release|Any CPU = Release|Any CPU
	EndGlobalSection
	GlobalSection(ProjectConfigurationPlatforms) = postSolution
		{0A557F69-FEFE-4283-B5F4-369F4134AD33}.Debug|Any CPU.ActiveCfg = Debug|Any CPU
		{0A557F69-FEFE-4283-B5F4-369F4134AD33}.Debug|Any CPU.Build.0 = Debug|Any CPU
		{0A557F69-FEFE-4283-B5F4-369F4134AD33}.Release|Any CPU.ActiveCfg = Release|Any CPU
		{0A557F69-FEFE-4283-B5F4-369F4134AD33}.Release|Any CPU.Build.0 = Release|Any CPU
		{722B14D4-9CFB-4ED8-8E01-B5C221AFEC1C}.Debug|Any CPU.ActiveCfg = Debug|Any CPU
		{722B14D4-9CFB-4ED8-8E01-B5C221AFEC1C}.Debug|Any CPU.Build.0 = Debug|Any CPU
		{722B14D4-9CFB-4ED8-8E01-B5C221AFEC1C}.Release|Any CPU.ActiveCfg = Release|Any CPU
		{722B14D4-9CFB-4ED8-8E01-B5C221AFEC1C}.Release|Any CPU.Build.0 = Release|Any CPU
		{0B26F212-6612-444B-BF4C-E0F7C60E394A}.Debug|Any CPU.ActiveCfg = Debug|Any CPU
		{0B26F212-6612-444B-BF4C-E0F7C60E394A}.Debug|Any CPU.Build.0 = Debug|Any CPU
		{0B26F212-6612-444B-BF4C-E0F7C60E394A}.Release|Any CPU.ActiveCfg = Release|Any CPU
		{0B26F212-6612-444B-BF4C-E0F7C60E394A}.Release|Any CPU.Build.0 = Release|Any CPU
		{FCC2F7F5-7A7A-4EF7-8DD3-03161B98FFAD}.Debug|Any CPU.ActiveCfg = Debug|Any CPU
		{FCC2F7F5-7A7A-4EF7-8DD3-03161B98FFAD}.Debug|Any CPU.Build.0 = Debug|Any CPU
		{FCC2F7F5-7A7A-4EF7-8DD3-03161B98FFAD}.Release|Any CPU.ActiveCfg = Release|Any CPU
		{FCC2F7F5-7A7A-4EF7-8DD3-03161B98FFAD}.Release|Any CPU.Build.0 = Release|Any CPU
		{326F0F84-367A-4994-A4EA-C260339CC660}.Debug|Any CPU.ActiveCfg = Debug|Any CPU
		{326F0F84-367A-4994-A4EA-C260339CC660}.Debug|Any CPU.Build.0 = Debug|Any CPU
		{326F0F84-367A-4994-A4EA-C260339CC660}.Release|Any CPU.ActiveCfg = Release|Any CPU
		{326F0F84-367A-4994-A4EA-C260339CC660}.Release|Any CPU.Build.0 = Release|Any CPU
		{C8560B0B-E49D-4B8F-B8BD-26B73C75ECDB}.Debug|Any CPU.ActiveCfg = Debug|Any CPU
		{C8560B0B-E49D-4B8F-B8BD-26B73C75ECDB}.Debug|Any CPU.Build.0 = Debug|Any CPU
		{C8560B0B-E49D-4B8F-B8BD-26B73C75ECDB}.Release|Any CPU.ActiveCfg = Release|Any CPU
		{C8560B0B-E49D-4B8F-B8BD-26B73C75ECDB}.Release|Any CPU.Build.0 = Release|Any CPU
		{65155395-EF63-4914-903F-9E29DB383386}.Debug|Any CPU.ActiveCfg = Debug|Any CPU
		{65155395-EF63-4914-903F-9E29DB383386}.Debug|Any CPU.Build.0 = Debug|Any CPU
		{65155395-EF63-4914-903F-9E29DB383386}.Release|Any CPU.ActiveCfg = Release|Any CPU
		{65155395-EF63-4914-903F-9E29DB383386}.Release|Any CPU.Build.0 = Release|Any CPU
		{A5067062-B1C7-44F2-9CC3-6B8A691FDE19}.Debug|Any CPU.ActiveCfg = Debug|Any CPU
		{A5067062-B1C7-44F2-9CC3-6B8A691FDE19}.Debug|Any CPU.Build.0 = Debug|Any CPU
		{A5067062-B1C7-44F2-9CC3-6B8A691FDE19}.Release|Any CPU.ActiveCfg = Release|Any CPU
		{A5067062-B1C7-44F2-9CC3-6B8A691FDE19}.Release|Any CPU.Build.0 = Release|Any CPU
		{019EF0CF-3B64-401E-814F-ABF35DD2F27D}.Debug|Any CPU.ActiveCfg = Debug|Any CPU
		{019EF0CF-3B64-401E-814F-ABF35DD2F27D}.Debug|Any CPU.Build.0 = Debug|Any CPU
		{019EF0CF-3B64-401E-814F-ABF35DD2F27D}.Release|Any CPU.ActiveCfg = Release|Any CPU
		{019EF0CF-3B64-401E-814F-ABF35DD2F27D}.Release|Any CPU.Build.0 = Release|Any CPU
		{C06AB681-346F-4023-B1D3-B2C36A4189C2}.Debug|Any CPU.ActiveCfg = Debug|Any CPU
		{C06AB681-346F-4023-B1D3-B2C36A4189C2}.Debug|Any CPU.Build.0 = Debug|Any CPU
		{C06AB681-346F-4023-B1D3-B2C36A4189C2}.Release|Any CPU.ActiveCfg = Release|Any CPU
		{C06AB681-346F-4023-B1D3-B2C36A4189C2}.Release|Any CPU.Build.0 = Release|Any CPU
		{1C48C652-0927-45EA-A756-6A4F38A1E047}.Debug|Any CPU.ActiveCfg = Debug|Any CPU
		{1C48C652-0927-45EA-A756-6A4F38A1E047}.Debug|Any CPU.Build.0 = Debug|Any CPU
		{1C48C652-0927-45EA-A756-6A4F38A1E047}.Release|Any CPU.ActiveCfg = Release|Any CPU
		{1C48C652-0927-45EA-A756-6A4F38A1E047}.Release|Any CPU.Build.0 = Release|Any CPU
	EndGlobalSection
	GlobalSection(SolutionProperties) = preSolution
		HideSolutionNode = FALSE
	EndGlobalSection
	GlobalSection(NestedProjects) = preSolution
		{0A557F69-FEFE-4283-B5F4-369F4134AD33} = {78B237E6-2B00-4854-8219-F7E4F2EBC44E}
		{722B14D4-9CFB-4ED8-8E01-B5C221AFEC1C} = {981B91AC-640E-4DD9-87D6-03E1A2B27AF5}
		{0B26F212-6612-444B-BF4C-E0F7C60E394A} = {981B91AC-640E-4DD9-87D6-03E1A2B27AF5}
		{FCC2F7F5-7A7A-4EF7-8DD3-03161B98FFAD} = {BF0A4164-A8A2-4C47-B9C8-07173B3FF70E}
		{326F0F84-367A-4994-A4EA-C260339CC660} = {BF0A4164-A8A2-4C47-B9C8-07173B3FF70E}
		{C8560B0B-E49D-4B8F-B8BD-26B73C75ECDB} = {BF0A4164-A8A2-4C47-B9C8-07173B3FF70E}
		{65155395-EF63-4914-903F-9E29DB383386} = {37A44EF9-3DB5-4687-9984-FF497A3AD206}
		{A5067062-B1C7-44F2-9CC3-6B8A691FDE19} = {37A44EF9-3DB5-4687-9984-FF497A3AD206}
		{019EF0CF-3B64-401E-814F-ABF35DD2F27D} = {37A44EF9-3DB5-4687-9984-FF497A3AD206}
		{C06AB681-346F-4023-B1D3-B2C36A4189C2} = {37A44EF9-3DB5-4687-9984-FF497A3AD206}
		{1C48C652-0927-45EA-A756-6A4F38A1E047} = {37A44EF9-3DB5-4687-9984-FF497A3AD206}
	EndGlobalSection
	GlobalSection(ExtensibilityGlobals) = postSolution
		SolutionGuid = {46F43E6F-6A48-4197-AD6A-1C72E6EFBB48}
	EndGlobalSection
EndGlobal
